github.com/gen2brain/malgo v0.11.24 h1:hHcIJVfzWcEDHFdPl5Dl/CUSOjzOleY0zzAV8Kx+imE=
github.com/gen2brain/malgo v0.11.24/go.mod h1:f9TtuN7DVrXMiV/yIceMeWpvanyVzJQMlBecJFVMxww=
github.com/k2-fsa/sherpa-onnx-go v1.12.34 h1:25rggfrziBPp6b8oLdNpLW4HSGL14W2FMkvDwbomwl4=
github.com/k2-fsa/sherpa-onnx-go v1.12.34/go.mod h1:B/ynRbVa5gpYoZYeYgY3zPi4MTfKk95UZueZDSIhbjk=
github.com/k2-fsa/sherpa-onnx-go-linux v1.12.34 h1:We1gree/T6qrv8lq9HNaWlpyVY12wlvJUdA2fjEMSxM=
github.com/k2-fsa/sherpa-onnx-go-linux v1.12.34/go.mod h1:NXEH2rsBgTdqY59YpPq6CtSBlBAXy/8a9FmpLERU97I=
github.com/k2-fsa/sherpa-onnx-go-macos v1.12.34 h1:767VEb3gP34gi5o81TpR7No9wkub+1OpeqL4GemKzy4=
github.com/k2-fsa/sherpa-onnx-go-macos v1.12.34/go.mod h1:ZOhUAXC62Unj0ZNfu6zxSFKcW96aXf7P3BsqiUyOBbE=
github.com/k2-fsa/sherpa-onnx-go-windows v1.12.34 h1:fD5xzC/hoHII/efLDz95yNYwQqsVpFKOmx899IOrvKw=
github.com/k2-fsa/sherpa-onnx-go-windows v1.12.34/go.mod h1:5AX7TU8+P/gInjglY1ijtWUM2b8iyR0QX4yEngzMe64=
github.com/spf13/pflag v1.0.10 h1:4EBh2KAYBwaONj6b2Ye1GiHfwjqyROoF4RwYO+vPwFk=
github.com/spf13/pflag v1.0.10/go.mod h1:McXfInJRrz4CZXVZOBLb0bTZqETkiAhM9Iw0y3An2Bg=
